
Microsoft Visual Studio Solution File, Format Version 12.00
# Visual Studio Version 17
VisualStudioVersion = 17.14.36203.30 d17.14
MinimumVisualStudioVersion = 10.0.40219.1
Project("{FAE04EC0-301F-11D3-BF4B-00C04F79EFBC}") = "ENTRA21-Listas_de_Exercícios-Lógica_de_Programação", "ENTRA21-Listas_de_Exercícios-Lógica_de_Programação.csproj", "{34955426-9F4E-4FC6-90F2-A25FA36A5315}"
EndProject
Global
	GlobalSection(SolutionConfigurationPlatforms) = preSolution
		Debug|Any CPU = Debug|Any CPU
		Release|Any CPU = Release|Any CPU
	EndGlobalSection
	GlobalSection(ProjectConfigurationPlatforms) = postSolution
		{34955426-9F4E-4FC6-90F2-A25FA36A5315}.Debug|Any CPU.ActiveCfg = Debug|Any CPU
		{34955426-9F4E-4FC6-90F2-A25FA36A5315}.Debug|Any CPU.Build.0 = Debug|Any CPU
		{34955426-9F4E-4FC6-90F2-A25FA36A5315}.Release|Any CPU.ActiveCfg = Release|Any CPU
		{34955426-9F4E-4FC6-90F2-A25FA36A5315}.Release|Any CPU.Build.0 = Release|Any CPU
	EndGlobalSection
	GlobalSection(SolutionProperties) = preSolution
		HideSolutionNode = FALSE
	EndGlobalSection
	GlobalSection(ExtensibilityGlobals) = postSolution
		SolutionGuid = {A9F02F88-63CC-4145-A238-38772E15C71A}
	EndGlobalSection
EndGlobal
